
Microsoft Visual Studio Solution File, Format Version 12.00
# Visual Studio 14
VisualStudioVersion = 14.0.25420.1
MinimumVisualStudioVersion = 10.0.40219.1
Project("{FAE04EC0-301F-11D3-BF4B-00C04F79EFBC}") = "AppOnlySPOSample", "AppOnlySPOSample\AppOnlySPOSample.csproj", "{550EE8F1-AACD-4AE7-B8DC-11E7B6F5D17D}"
EndProject
Project("{2150E333-8FDC-42A3-9474-1A3956D46DE8}") = "Solution Items", "Solution Items", "{265C4C57-6C03-48C0-B18D-3CB9593954D8}"
	ProjectSection(SolutionItems) = preProject
		.gitignore = .gitignore
		README.md = README.md
	EndProjectSection
EndProject
Project("{F5034706-568F-408A-B7B3-4D38C6DB8A32}") = "AppOnlySPOSample.PS", "AppOnlySPOSample.PS\AppOnlySPOSample.PS.pssproj", "{6CAFC0C6-A428-4D30-A9F9-700E829FEA51}"
EndProject
Project("{2150E333-8FDC-42A3-9474-1A3956D46DE8}") = "cert", "cert", "{C2281605-7610-49FC-8053-6840A49FA3C7}"
	ProjectSection(SolutionItems) = preProject
		cert\AzuerADAppOnlyTest.cer = cert\AzuerADAppOnlyTest.cer
		cert\AzuerADAppOnlyTest.pfx = cert\AzuerADAppOnlyTest.pfx
	EndProjectSection
EndProject
Global
	GlobalSection(SolutionConfigurationPlatforms) = preSolution
		Debug|Any CPU = Debug|Any CPU
		Release|Any CPU = Release|Any CPU
	EndGlobalSection
	GlobalSection(ProjectConfigurationPlatforms) = postSolution
		{550EE8F1-AACD-4AE7-B8DC-11E7B6F5D17D}.Debug|Any CPU.ActiveCfg = Debug|Any CPU
		{550EE8F1-AACD-4AE7-B8DC-11E7B6F5D17D}.Debug|Any CPU.Build.0 = Debug|Any CPU
		{550EE8F1-AACD-4AE7-B8DC-11E7B6F5D17D}.Release|Any CPU.ActiveCfg = Release|Any CPU
		{550EE8F1-AACD-4AE7-B8DC-11E7B6F5D17D}.Release|Any CPU.Build.0 = Release|Any CPU
		{6CAFC0C6-A428-4D30-A9F9-700E829FEA51}.Debug|Any CPU.ActiveCfg = Debug|Any CPU
		{6CAFC0C6-A428-4D30-A9F9-700E829FEA51}.Debug|Any CPU.Build.0 = Debug|Any CPU
		{6CAFC0C6-A428-4D30-A9F9-700E829FEA51}.Release|Any CPU.ActiveCfg = Release|Any CPU
		{6CAFC0C6-A428-4D30-A9F9-700E829FEA51}.Release|Any CPU.Build.0 = Release|Any CPU
	EndGlobalSection
	GlobalSection(SolutionProperties) = preSolution
		HideSolutionNode = FALSE
	EndGlobalSection
EndGlobal
